
Microsoft Visual Studio Solution File, Format Version 12.00
# Visual Studio Version 17
VisualStudioVersion = 17.14.36616.10 d17.14
MinimumVisualStudioVersion = 10.0.40219.1
Project("{FAE04EC0-301F-11D3-BF4B-00C04F79EFBC}") = "sistem_cafe", "sistem_cafe\sistem_cafe.csproj", "{FC62D202-0438-4D2E-A7D3-BE137104BF08}"
EndProject
Global
	GlobalSection(SolutionConfigurationPlatforms) = preSolution
		Debug|Any CPU = Debug|Any CPU
		Release|Any CPU = Release|Any CPU
	EndGlobalSection
	GlobalSection(ProjectConfigurationPlatforms) = postSolution
		{FC62D202-0438-4D2E-A7D3-BE137104BF08}.Debug|Any CPU.ActiveCfg = Debug|Any CPU
		{FC62D202-0438-4D2E-A7D3-BE137104BF08}.Debug|Any CPU.Build.0 = Debug|Any CPU
		{FC62D202-0438-4D2E-A7D3-BE137104BF08}.Release|Any CPU.ActiveCfg = Release|Any CPU
		{FC62D202-0438-4D2E-A7D3-BE137104BF08}.Release|Any CPU.Build.0 = Release|Any CPU
	EndGlobalSection
	GlobalSection(SolutionProperties) = preSolution
		HideSolutionNode = FALSE
	EndGlobalSection
	GlobalSection(ExtensibilityGlobals) = postSolution
		SolutionGuid = {B2332A9F-7843-4863-8CFB-BE4AE6209066}
	EndGlobalSection
EndGlobal
